
Microsoft Visual Studio Solution File, Format Version 12.00
# Visual Studio Version 16
VisualStudioVersion = 16.0.31702.278
MinimumVisualStudioVersion = 10.0.40219.1
Project("{FAE04EC0-301F-11D3-BF4B-00C04F79EFBC}") = "Gewicht in Space", "Gewicht in space\Gewicht in Space.csproj", "{15682D9C-6E5A-4806-B218-98446781E8E6}"
EndProject
Project("{FAE04EC0-301F-11D3-BF4B-00C04F79EFBC}") = "Simple Maths", "Simple Maths\Simple Maths.csproj", "{32C5BF99-6933-4D64-B386-D45668A731E0}"
EndProject
Project("{FAE04EC0-301F-11D3-BF4B-00C04F79EFBC}") = "String interpolation", "String interpolation\String interpolation.csproj", "{3B40608E-F504-48D7-B058-DBCE36621AA3}"
EndProject
Project("{FAE04EC0-301F-11D3-BF4B-00C04F79EFBC}") = "ASCII Art and Colors", "ASCII Art and Colors\ASCII Art and Colors.csproj", "{DB49CC03-1154-4B60-B0F9-6DEE2523B169}"
EndProject
Project("{FAE04EC0-301F-11D3-BF4B-00C04F79EFBC}") = "Systeem informatie", "Systeem informatie\Systeem informatie.csproj", "{75C35E96-BC0B-4CEC-B4DD-1CDD0ED82305}"
EndProject
Project("{FAE04EC0-301F-11D3-BF4B-00C04F79EFBC}") = "Op de poef", "Op de poef\Op de poef.csproj", "{C6A9FE3C-A5C6-4CBF-89CA-1A117F9A416F}"
EndProject
Project("{FAE04EC0-301F-11D3-BF4B-00C04F79EFBC}") = "Feestkassa", "Feestkassa\Feestkassa.csproj", "{1A5F852E-574E-4B0B-B304-D2260CC22EC0}"
EndProject
Project("{FAE04EC0-301F-11D3-BF4B-00C04F79EFBC}") = "Het Orakeltje van Delphi", "Het Orakeltje van Delphi\Het Orakeltje van Delphi.csproj", "{4599C1A4-6F1C-4866-A2D1-EE527096D43B}"
EndProject
Project("{FAE04EC0-301F-11D3-BF4B-00C04F79EFBC}") = "BMI", "BMI\BMI.csproj", "{B1B62D9B-D078-43B6-B2A6-C98A10BFA755}"
EndProject
Project("{FAE04EC0-301F-11D3-BF4B-00C04F79EFBC}") = "Seizoenen", "Seizoenen\Seizoenen.csproj", "{96C863F3-ACD6-4D11-B68A-DEDF21A68E89}"
EndProject
Project("{FAE04EC0-301F-11D3-BF4B-00C04F79EFBC}") = "Euler project", "Euler project\Euler project.csproj", "{4CF700B7-C4DF-4085-967B-BF1474EAE449}"
EndProject
Project("{FAE04EC0-301F-11D3-BF4B-00C04F79EFBC}") = "Boekhouder", "Boekhouder\Boekhouder.csproj", "{DDE49C02-E876-4829-A7E9-DB1D9E99B90D}"
EndProject
Project("{FAE04EC0-301F-11D3-BF4B-00C04F79EFBC}") = "Raad het getal", "Raad het getal\Raad het getal.csproj", "{619AD4F9-6E6D-4226-BE47-97E49CE90A27}"
EndProject
Project("{FAE04EC0-301F-11D3-BF4B-00C04F79EFBC}") = "Film Default", "Film Default\Film Default.csproj", "{D444FBF9-9B0C-4577-9428-F1EEBC16A456}"
EndProject
Project("{FAE04EC0-301F-11D3-BF4B-00C04F79EFBC}") = "Muziek en Methoden", "Muziek en Methoden\Muziek en Methoden.csproj", "{0F7E0318-B3EB-4210-8F9C-E77E3147955B}"
EndProject
Project("{FAE04EC0-301F-11D3-BF4B-00C04F79EFBC}") = "Vraag Array", "Vraag Array\Vraag Array.csproj", "{5D982759-DD5C-4F8B-8009-8DDBCB53B660}"
EndProject
Global
	GlobalSection(SolutionConfigurationPlatforms) = preSolution
		Debug|Any CPU = Debug|Any CPU
		Release|Any CPU = Release|Any CPU
	EndGlobalSection
	GlobalSection(ProjectConfigurationPlatforms) = postSolution
		{15682D9C-6E5A-4806-B218-98446781E8E6}.Debug|Any CPU.ActiveCfg = Debug|Any CPU
		{15682D9C-6E5A-4806-B218-98446781E8E6}.Debug|Any CPU.Build.0 = Debug|Any CPU
		{15682D9C-6E5A-4806-B218-98446781E8E6}.Release|Any CPU.ActiveCfg = Release|Any CPU
		{15682D9C-6E5A-4806-B218-98446781E8E6}.Release|Any CPU.Build.0 = Release|Any CPU
		{32C5BF99-6933-4D64-B386-D45668A731E0}.Debug|Any CPU.ActiveCfg = Debug|Any CPU
		{32C5BF99-6933-4D64-B386-D45668A731E0}.Debug|Any CPU.Build.0 = Debug|Any CPU
		{32C5BF99-6933-4D64-B386-D45668A731E0}.Release|Any CPU.ActiveCfg = Release|Any CPU
		{32C5BF99-6933-4D64-B386-D45668A731E0}.Release|Any CPU.Build.0 = Release|Any CPU
		{3B40608E-F504-48D7-B058-DBCE36621AA3}.Debug|Any CPU.ActiveCfg = Debug|Any CPU
		{3B40608E-F504-48D7-B058-DBCE36621AA3}.Debug|Any CPU.Build.0 = Debug|Any CPU
		{3B40608E-F504-48D7-B058-DBCE36621AA3}.Release|Any CPU.ActiveCfg = Release|Any CPU
		{3B40608E-F504-48D7-B058-DBCE36621AA3}.Release|Any CPU.Build.0 = Release|Any CPU
		{DB49CC03-1154-4B60-B0F9-6DEE2523B169}.Debug|Any CPU.ActiveCfg = Debug|Any CPU
		{DB49CC03-1154-4B60-B0F9-6DEE2523B169}.Debug|Any CPU.Build.0 = Debug|Any CPU
		{DB49CC03-1154-4B60-B0F9-6DEE2523B169}.Release|Any CPU.ActiveCfg = Release|Any CPU
		{DB49CC03-1154-4B60-B0F9-6DEE2523B169}.Release|Any CPU.Build.0 = Release|Any CPU
		{75C35E96-BC0B-4CEC-B4DD-1CDD0ED82305}.Debug|Any CPU.ActiveCfg = Debug|Any CPU
		{75C35E96-BC0B-4CEC-B4DD-1CDD0ED82305}.Debug|Any CPU.Build.0 = Debug|Any CPU
		{75C35E96-BC0B-4CEC-B4DD-1CDD0ED82305}.Release|Any CPU.ActiveCfg = Release|Any CPU
		{75C35E96-BC0B-4CEC-B4DD-1CDD0ED82305}.Release|Any CPU.Build.0 = Release|Any CPU
		{C6A9FE3C-A5C6-4CBF-89CA-1A117F9A416F}.Debug|Any CPU.ActiveCfg = Debug|Any CPU
		{C6A9FE3C-A5C6-4CBF-89CA-1A117F9A416F}.Debug|Any CPU.Build.0 = Debug|Any CPU
		{C6A9FE3C-A5C6-4CBF-89CA-1A117F9A416F}.Release|Any CPU.ActiveCfg = Release|Any CPU
		{C6A9FE3C-A5C6-4CBF-89CA-1A117F9A416F}.Release|Any CPU.Build.0 = Release|Any CPU
		{1A5F852E-574E-4B0B-B304-D2260CC22EC0}.Debug|Any CPU.ActiveCfg = Debug|Any CPU
		{1A5F852E-574E-4B0B-B304-D2260CC22EC0}.Debug|Any CPU.Build.0 = Debug|Any CPU
		{1A5F852E-574E-4B0B-B304-D2260CC22EC0}.Release|Any CPU.ActiveCfg = Release|Any CPU
		{1A5F852E-574E-4B0B-B304-D2260CC22EC0}.Release|Any CPU.Build.0 = Release|Any CPU
		{4599C1A4-6F1C-4866-A2D1-EE527096D43B}.Debug|Any CPU.ActiveCfg = Debug|Any CPU
		{4599C1A4-6F1C-4866-A2D1-EE527096D43B}.Debug|Any CPU.Build.0 = Debug|Any CPU
		{4599C1A4-6F1C-4866-A2D1-EE527096D43B}.Release|Any CPU.ActiveCfg = Release|Any CPU
		{4599C1A4-6F1C-4866-A2D1-EE527096D43B}.Release|Any CPU.Build.0 = Release|Any CPU
		{B1B62D9B-D078-43B6-B2A6-C98A10BFA755}.Debug|Any CPU.ActiveCfg = Debug|Any CPU
		{B1B62D9B-D078-43B6-B2A6-C98A10BFA755}.Debug|Any CPU.Build.0 = Debug|Any CPU
		{B1B62D9B-D078-43B6-B2A6-C98A10BFA755}.Release|Any CPU.ActiveCfg = Release|Any CPU
		{B1B62D9B-D078-43B6-B2A6-C98A10BFA755}.Release|Any CPU.Build.0 = Release|Any CPU
		{96C863F3-ACD6-4D11-B68A-DEDF21A68E89}.Debug|Any CPU.ActiveCfg = Debug|Any CPU
		{96C863F3-ACD6-4D11-B68A-DEDF21A68E89}.Debug|Any CPU.Build.0 = Debug|Any CPU
		{96C863F3-ACD6-4D11-B68A-DEDF21A68E89}.Release|Any CPU.ActiveCfg = Release|Any CPU
		{96C863F3-ACD6-4D11-B68A-DEDF21A68E89}.Release|Any CPU.Build.0 = Release|Any CPU
		{4CF700B7-C4DF-4085-967B-BF1474EAE449}.Debug|Any CPU.ActiveCfg = Debug|Any CPU
		{4CF700B7-C4DF-4085-967B-BF1474EAE449}.Debug|Any CPU.Build.0 = Debug|Any CPU
		{4CF700B7-C4DF-4085-967B-BF1474EAE449}.Release|Any CPU.ActiveCfg = Release|Any CPU
		{4CF700B7-C4DF-4085-967B-BF1474EAE449}.Release|Any CPU.Build.0 = Release|Any CPU
		{DDE49C02-E876-4829-A7E9-DB1D9E99B90D}.Debug|Any CPU.ActiveCfg = Debug|Any CPU
		{DDE49C02-E876-4829-A7E9-DB1D9E99B90D}.Debug|Any CPU.Build.0 = Debug|Any CPU
		{DDE49C02-E876-4829-A7E9-DB1D9E99B90D}.Release|Any CPU.ActiveCfg = Release|Any CPU
		{DDE49C02-E876-4829-A7E9-DB1D9E99B90D}.Release|Any CPU.Build.0 = Release|Any CPU
		{619AD4F9-6E6D-4226-BE47-97E49CE90A27}.Debug|Any CPU.ActiveCfg = Debug|Any CPU
		{619AD4F9-6E6D-4226-BE47-97E49CE90A27}.Debug|Any CPU.Build.0 = Debug|Any CPU
		{619AD4F9-6E6D-4226-BE47-97E49CE90A27}.Release|Any CPU.ActiveCfg = Release|Any CPU
		{619AD4F9-6E6D-4226-BE47-97E49CE90A27}.Release|Any CPU.Build.0 = Release|Any CPU
		{D444FBF9-9B0C-4577-9428-F1EEBC16A456}.Debug|Any CPU.ActiveCfg = Debug|Any CPU
		{D444FBF9-9B0C-4577-9428-F1EEBC16A456}.Debug|Any CPU.Build.0 = Debug|Any CPU
		{D444FBF9-9B0C-4577-9428-F1EEBC16A456}.Release|Any CPU.ActiveCfg = Release|Any CPU
		{D444FBF9-9B0C-4577-9428-F1EEBC16A456}.Release|Any CPU.Build.0 = Release|Any CPU
		{0F7E0318-B3EB-4210-8F9C-E77E3147955B}.Debug|Any CPU.ActiveCfg = Debug|Any CPU
		{0F7E0318-B3EB-4210-8F9C-E77E3147955B}.Debug|Any CPU.Build.0 = Debug|Any CPU
		{0F7E0318-B3EB-4210-8F9C-E77E3147955B}.Release|Any CPU.ActiveCfg = Release|Any CPU
		{0F7E0318-B3EB-4210-8F9C-E77E3147955B}.Release|Any CPU.Build.0 = Release|Any CPU
		{5D982759-DD5C-4F8B-8009-8DDBCB53B660}.Debug|Any CPU.ActiveCfg = Debug|Any CPU
		{5D982759-DD5C-4F8B-8009-8DDBCB53B660}.Debug|Any CPU.Build.0 = Debug|Any CPU
		{5D982759-DD5C-4F8B-8009-8DDBCB53B660}.Release|Any CPU.ActiveCfg = Release|Any CPU
		{5D982759-DD5C-4F8B-8009-8DDBCB53B660}.Release|Any CPU.Build.0 = Release|Any CPU
	EndGlobalSection
	GlobalSection(SolutionProperties) = preSolution
		HideSolutionNode = FALSE
	EndGlobalSection
	GlobalSection(ExtensibilityGlobals) = postSolution
		SolutionGuid = {21BB0D90-A43B-4BF1-AE46-A0AE8AEE3E09}
	EndGlobalSection
EndGlobal
